// !$*UTF8*$!
{
	archiveVersion = 1;
	classes = {
	};
	objectVersion = 48;
	objects = {

/* Begin PBXBuildFile section */
		182BC0CAAA53080CBB3998AD /* Pods_Swift_Tools.framework in Frameworks */ = {isa = PBXBuildFile; fileRef = 9637A69068917373C8F2C11A /* Pods_Swift_Tools.framework */; };
		BC157C2B229E1EA70098031A /* SaveAndGetData.swift in Sources */ = {isa = PBXBuildFile; fileRef = BC157C2A229E1EA70098031A /* SaveAndGetData.swift */; };
		BC42FCE820D0DD58007ABA8A /* BQSMainViewController.swift in Sources */ = {isa = PBXBuildFile; fileRef = BC42FCE720D0DD58007ABA8A /* BQSMainViewController.swift */; };
		BC42FCEE20D0DDEE007ABA8A /* BQSCameraHandler.swift in Sources */ = {isa = PBXBuildFile; fileRef = BC42FCEB20D0DDED007ABA8A /* BQSCameraHandler.swift */; };
		BC42FCEF20D0DDEE007ABA8A /* BQSConst.swift in Sources */ = {isa = PBXBuildFile; fileRef = BC42FCEC20D0DDEE007ABA8A /* BQSConst.swift */; };
		BC42FCF020D0DDEE007ABA8A /* BQSUIColorHexString.swift in Sources */ = {isa = PBXBuildFile; fileRef = BC42FCED20D0DDEE007ABA8A /* BQSUIColorHexString.swift */; };
		BC42FCF320D0DF50007ABA8A /* BQSHTTPManager.swift in Sources */ = {isa = PBXBuildFile; fileRef = BC42FCF220D0DF50007ABA8A /* BQSHTTPManager.swift */; };
		BC578FD820C533400083A08C /* HorizontalCollectionViewController.swift in Sources */ = {isa = PBXBuildFile; fileRef = BC578FD720C533400083A08C /* HorizontalCollectionViewController.swift */; };
		BC578FDA20C533AE0083A08C /* HorizontalScrollLayout.swift in Sources */ = {isa = PBXBuildFile; fileRef = BC578FD920C533AE0083A08C /* HorizontalScrollLayout.swift */; };
		BC578FDD20C558CA0083A08C /* TableController.swift in Sources */ = {isa = PBXBuildFile; fileRef = BC578FDC20C558CA0083A08C /* TableController.swift */; };
		BC8CC99A20C5169F00A3152A /* AppDelegate.swift in Sources */ = {isa = PBXBuildFile; fileRef = BC8CC99920C5169F00A3152A /* AppDelegate.swift */; };
		BC8CC99C20C5169F00A3152A /* ViewController.swift in Sources */ = {isa = PBXBuildFile; fileRef = BC8CC99B20C5169F00A3152A /* ViewController.swift */; };
		BC8CC99F20C5169F00A3152A /* Main.storyboard in Resources */ = {isa = PBXBuildFile; fileRef = BC8CC99D20C5169F00A3152A /* Main.storyboard */; };
		BC8CC9A120C5169F00A3152A /* Assets.xcassets in Resources */ = {isa = PBXBuildFile; fileRef = BC8CC9A020C5169F00A3152A /* Assets.xcassets */; };
		BC8CC9A420C5169F00A3152A /* LaunchScreen.storyboard in Resources */ = {isa = PBXBuildFile; fileRef = BC8CC9A220C5169F00A3152A /* LaunchScreen.storyboard */; };
		BC8CC9B220C5179000A3152A /* MainXIBView.swift in Sources */ = {isa = PBXBuildFile; fileRef = BC8CC9B120C5179000A3152A /* MainXIBView.swift */; };
		BC8CC9B520C51E4B00A3152A /* CollectionViewController.swift in Sources */ = {isa = PBXBuildFile; fileRef = BC8CC9B420C51E4B00A3152A /* CollectionViewController.swift */; };
		BC8CC9B720C51FDF00A3152A /* BQSShowCollectionView.swift in Sources */ = {isa = PBXBuildFile; fileRef = BC8CC9B620C51FDF00A3152A /* BQSShowCollectionView.swift */; };
		BC8CC9BA20C5252100A3152A /* CollectionViewCell.swift in Sources */ = {isa = PBXBuildFile; fileRef = BC8CC9B820C5252100A3152A /* CollectionViewCell.swift */; };
		BC8CC9BB20C5252100A3152A /* CollectionViewCell.xib in Resources */ = {isa = PBXBuildFile; fileRef = BC8CC9B920C5252100A3152A /* CollectionViewCell.xib */; };
		BCB512E92186F790005E70F9 /* Scale.swift in Sources */ = {isa = PBXBuildFile; fileRef = BCB512E82186F790005E70F9 /* Scale.swift */; };
		BCB512EB2186F8C2005E70F9 /* FontScale.swift in Sources */ = {isa = PBXBuildFile; fileRef = BCB512EA2186F8C2005E70F9 /* FontScale.swift */; };
		BCB512EF2186FE64005E70F9 /* XYYNoMessageView.swift in Sources */ = {isa = PBXBuildFile; fileRef = BCB512ED2186FE64005E70F9 /* XYYNoMessageView.swift */; };
		BCB512F02186FE64005E70F9 /* XYYNoMessageView.xib in Resources */ = {isa = PBXBuildFile; fileRef = BCB512EE2186FE64005E70F9 /* XYYNoMessageView.xib */; };
/* End PBXBuildFile section */

/* Begin PBXFileReference section */
		2072BBBFB71B3C9466F04B1E /* Pods-Swift-Tools.debug.xcconfig */ = {isa = PBXFileReference; includeInIndex = 1; lastKnownFileType = text.xcconfig; name = "Pods-Swift-Tools.debug.xcconfig"; path = "Pods/Target Support Files/Pods-Swift-Tools/Pods-Swift-Tools.debug.xcconfig"; sourceTree = "<group>"; };
		38E57942D097331C17CFE16B /* Pods-Swift-Tools.release.xcconfig */ = {isa = PBXFileReference; includeInIndex = 1; lastKnownFileType = text.xcconfig; name = "Pods-Swift-Tools.release.xcconfig"; path = "Pods/Target Support Files/Pods-Swift-Tools/Pods-Swift-Tools.release.xcconfig"; sourceTree = "<group>"; };
		9637A69068917373C8F2C11A /* Pods_Swift_Tools.framework */ = {isa = PBXFileReference; explicitFileType = wrapper.framework; includeInIndex = 0; path = Pods_Swift_Tools.framework; sourceTree = BUILT_PRODUCTS_DIR; };
		BC157C2A229E1EA70098031A /* SaveAndGetData.swift */ = {isa = PBXFileReference; lastKnownFileType = sourcecode.swift; path = SaveAndGetData.swift; sourceTree = "<group>"; };
		BC42FCE720D0DD58007ABA8A /* BQSMainViewController.swift */ = {isa = PBXFileReference; fileEncoding = 4; lastKnownFileType = sourcecode.swift; path = BQSMainViewController.swift; sourceTree = "<group>"; };
		BC42FCEB20D0DDED007ABA8A /* BQSCameraHandler.swift */ = {isa = PBXFileReference; fileEncoding = 4; lastKnownFileType = sourcecode.swift; path = BQSCameraHandler.swift; sourceTree = "<group>"; };
		BC42FCEC20D0DDEE007ABA8A /* BQSConst.swift */ = {isa = PBXFileReference; fileEncoding = 4; lastKnownFileType = sourcecode.swift; path = BQSConst.swift; sourceTree = "<group>"; };
		BC42FCED20D0DDEE007ABA8A /* BQSUIColorHexString.swift */ = {isa = PBXFileReference; fileEncoding = 4; lastKnownFileType = sourcecode.swift; path = BQSUIColorHexString.swift; sourceTree = "<group>"; };
		BC42FCF220D0DF50007ABA8A /* BQSHTTPManager.swift */ = {isa = PBXFileReference; fileEncoding = 4; lastKnownFileType = sourcecode.swift; path = BQSHTTPManager.swift; sourceTree = "<group>"; };
		BC578FD720C533400083A08C /* HorizontalCollectionViewController.swift */ = {isa = PBXFileReference; lastKnownFileType = sourcecode.swift; path = HorizontalCollectionViewController.swift; sourceTree = "<group>"; };
		BC578FD920C533AE0083A08C /* HorizontalScrollLayout.swift */ = {isa = PBXFileReference; lastKnownFileType = sourcecode.swift; path = HorizontalScrollLayout.swift; sourceTree = "<group>"; };
		BC578FDC20C558CA0083A08C /* TableController.swift */ = {isa = PBXFileReference; lastKnownFileType = sourcecode.swift; path = TableController.swift; sourceTree = "<group>"; };
		BC8CC99620C5169F00A3152A /* Swift-Tools.app */ = {isa = PBXFileReference; explicitFileType = wrapper.application; includeInIndex = 0; path = "Swift-Tools.app"; sourceTree = BUILT_PRODUCTS_DIR; };
		BC8CC99920C5169F00A3152A /* AppDelegate.swift */ = {isa = PBXFileReference; lastKnownFileType = sourcecode.swift; path = AppDelegate.swift; sourceTree = "<group>"; };
		BC8CC99B20C5169F00A3152A /* ViewController.swift */ = {isa = PBXFileReference; lastKnownFileType = sourcecode.swift; path = ViewController.swift; sourceTree = "<group>"; };
		BC8CC99E20C5169F00A3152A /* Base */ = {isa = PBXFileReference; lastKnownFileType = file.storyboard; name = Base; path = Base.lproj/Main.storyboard; sourceTree = "<group>"; };
		BC8CC9A020C5169F00A3152A /* Assets.xcassets */ = {isa = PBXFileReference; lastKnownFileType = folder.assetcatalog; path = Assets.xcassets; sourceTree = "<group>"; };
		BC8CC9A320C5169F00A3152A /* Base */ = {isa = PBXFileReference; lastKnownFileType = file.storyboard; name = Base; path = Base.lproj/LaunchScreen.storyboard; sourceTree = "<group>"; };
		BC8CC9A520C5169F00A3152A /* Info.plist */ = {isa = PBXFileReference; lastKnownFileType = text.plist.xml; path = Info.plist; sourceTree = "<group>"; };
		BC8CC9B120C5179000A3152A /* MainXIBView.swift */ = {isa = PBXFileReference; lastKnownFileType = sourcecode.swift; path = MainXIBView.swift; sourceTree = "<group>"; };
		BC8CC9B420C51E4B00A3152A /* CollectionViewController.swift */ = {isa = PBXFileReference; lastKnownFileType = sourcecode.swift; path = CollectionViewController.swift; sourceTree = "<group>"; };
		BC8CC9B620C51FDF00A3152A /* BQSShowCollectionView.swift */ = {isa = PBXFileReference; fileEncoding = 4; lastKnownFileType = sourcecode.swift; path = BQSShowCollectionView.swift; sourceTree = "<group>"; };
		BC8CC9B820C5252100A3152A /* CollectionViewCell.swift */ = {isa = PBXFileReference; lastKnownFileType = sourcecode.swift; path = CollectionViewCell.swift; sourceTree = "<group>"; };
		BC8CC9B920C5252100A3152A /* CollectionViewCell.xib */ = {isa = PBXFileReference; lastKnownFileType = file.xib; path = CollectionViewCell.xib; sourceTree = "<group>"; };
		BCB512E82186F790005E70F9 /* Scale.swift */ = {isa = PBXFileReference; lastKnownFileType = sourcecode.swift; path = Scale.swift; sourceTree = "<group>"; };
		BCB512EA2186F8C2005E70F9 /* FontScale.swift */ = {isa = PBXFileReference; lastKnownFileType = sourcecode.swift; path = FontScale.swift; sourceTree = "<group>"; };
		BCB512ED2186FE64005E70F9 /* XYYNoMessageView.swift */ = {isa = PBXFileReference; fileEncoding = 4; lastKnownFileType = sourcecode.swift; path = XYYNoMessageView.swift; sourceTree = "<group>"; };
		BCB512EE2186FE64005E70F9 /* XYYNoMessageView.xib */ = {isa = PBXFileReference; fileEncoding = 4; lastKnownFileType = file.xib; path = XYYNoMessageView.xib; sourceTree = "<group>"; };
/* End PBXFileReference section */

/* Begin PBXFrameworksBuildPhase section */
		BC8CC99320C5169F00A3152A /* Frameworks */ = {
			isa = PBXFrameworksBuildPhase;
			buildActionMask = 2147483647;
			files = (
				182BC0CAAA53080CBB3998AD /* Pods_Swift_Tools.framework in Frameworks */,
			);
			runOnlyForDeploymentPostprocessing = 0;
		};
/* End PBXFrameworksBuildPhase section */

/* Begin PBXGroup section */
		082B5E10056A52659834B605 /* Pods */ = {
			isa = PBXGroup;
			children = (
				2072BBBFB71B3C9466F04B1E /* Pods-Swift-Tools.debug.xcconfig */,
				38E57942D097331C17CFE16B /* Pods-Swift-Tools.release.xcconfig */,
			);
			name = Pods;
			sourceTree = "<group>";
		};
		BC42FCF120D0DE40007ABA8A /* Helper */ = {
			isa = PBXGroup;
			children = (
				BC42FCF220D0DF50007ABA8A /* BQSHTTPManager.swift */,
				BC157C2A229E1EA70098031A /* SaveAndGetData.swift */,
				BC42FCEB20D0DDED007ABA8A /* BQSCameraHandler.swift */,
				BC42FCEC20D0DDEE007ABA8A /* BQSConst.swift */,
				BC42FCED20D0DDEE007ABA8A /* BQSUIColorHexString.swift */,
				BCB512E82186F790005E70F9 /* Scale.swift */,
				BCB512EA2186F8C2005E70F9 /* FontScale.swift */,
			);
			path = Helper;
			sourceTree = "<group>";
		};
		BC578FD520C532F10083A08C /* CollectionView */ = {
			isa = PBXGroup;
			children = (
				BC578FD620C5330E0083A08C /* 竖直滚动 */,
				BC578FDB20C553C80083A08C /* 水平滚动 */,
			);
			path = CollectionView;
			sourceTree = "<group>";
		};
		BC578FD620C5330E0083A08C /* 竖直滚动 */ = {
			isa = PBXGroup;
			children = (
				BC8CC9B420C51E4B00A3152A /* CollectionViewController.swift */,
				BC8CC9B620C51FDF00A3152A /* BQSShowCollectionView.swift */,
				BC8CC9B820C5252100A3152A /* CollectionViewCell.swift */,
				BC8CC9B920C5252100A3152A /* CollectionViewCell.xib */,
			);
			path = "竖直滚动";
			sourceTree = "<group>";
		};
		BC578FDB20C553C80083A08C /* 水平滚动 */ = {
			isa = PBXGroup;
			children = (
				BC578FD720C533400083A08C /* HorizontalCollectionViewController.swift */,
				BC578FD920C533AE0083A08C /* HorizontalScrollLayout.swift */,
			);
			path = "水平滚动";
			sourceTree = "<group>";
		};
		BC578FDE20C55A420083A08C /* TableView */ = {
			isa = PBXGroup;
			children = (
				BC578FDC20C558CA0083A08C /* TableController.swift */,
			);
			path = TableView;
			sourceTree = "<group>";
		};
		BC8CC98D20C5169E00A3152A = {
			isa = PBXGroup;
			children = (
				BC8CC99820C5169F00A3152A /* Swift-Tools */,
				BC8CC99720C5169F00A3152A /* Products */,
				082B5E10056A52659834B605 /* Pods */,
				FB486C6672211F6D025F1FA7 /* Frameworks */,
			);
			sourceTree = "<group>";
		};
		BC8CC99720C5169F00A3152A /* Products */ = {
			isa = PBXGroup;
			children = (
				BC8CC99620C5169F00A3152A /* Swift-Tools.app */,
			);
			name = Products;
			sourceTree = "<group>";
		};
		BC8CC99820C5169F00A3152A /* Swift-Tools */ = {
			isa = PBXGroup;
			children = (
				BC8CC99920C5169F00A3152A /* AppDelegate.swift */,
				BC8CC99B20C5169F00A3152A /* ViewController.swift */,
				BCB512EC2186FE52005E70F9 /* 空白提示页 */,
				BC578FDE20C55A420083A08C /* TableView */,
				BC578FD520C532F10083A08C /* CollectionView */,
				BC8CC9B320C51BBF00A3152A /* MainClass */,
				BC42FCF120D0DE40007ABA8A /* Helper */,
				BC8CC99D20C5169F00A3152A /* Main.storyboard */,
				BC8CC9A020C5169F00A3152A /* Assets.xcassets */,
				BC8CC9A220C5169F00A3152A /* LaunchScreen.storyboard */,
				BC8CC9A520C5169F00A3152A /* Info.plist */,
			);
			path = "Swift-Tools";
			sourceTree = "<group>";
		};
		BC8CC9B320C51BBF00A3152A /* MainClass */ = {
			isa = PBXGroup;
			children = (
				BC8CC9B120C5179000A3152A /* MainXIBView.swift */,
				BC42FCE720D0DD58007ABA8A /* BQSMainViewController.swift */,
			);
			path = MainClass;
			sourceTree = "<group>";
		};
		BCB512EC2186FE52005E70F9 /* 空白提示页 */ = {
			isa = PBXGroup;
			children = (
				BCB512ED2186FE64005E70F9 /* XYYNoMessageView.swift */,
				BCB512EE2186FE64005E70F9 /* XYYNoMessageView.xib */,
			);
			path = "空白提示页";
			sourceTree = "<group>";
		};
		FB486C6672211F6D025F1FA7 /* Frameworks */ = {
			isa = PBXGroup;
			children = (
				9637A69068917373C8F2C11A /* Pods_Swift_Tools.framework */,
			);
			name = Frameworks;
			sourceTree = "<group>";
		};
/* End PBXGroup section */

/* Begin PBXNativeTarget section */
		BC8CC99520C5169F00A3152A /* Swift-Tools */ = {
			isa = PBXNativeTarget;
			buildConfigurationList = BC8CC9A820C5169F00A3152A /* Build configuration list for PBXNativeTarget "Swift-Tools" */;
			buildPhases = (
				B803B18F7F9531164485D881 /* [CP] Check Pods Manifest.lock */,
				BC8CC99220C5169F00A3152A /* Sources */,
				BC8CC99320C5169F00A3152A /* Frameworks */,
				BC8CC99420C5169F00A3152A /* Resources */,
				C9272EE7D3E970C87A6054D1 /* [CP] Embed Pods Frameworks */,
			);
			buildRules = (
			);
			dependencies = (
			);
			name = "Swift-Tools";
			productName = "Swift-Tools";
			productReference = BC8CC99620C5169F00A3152A /* Swift-Tools.app */;
			productType = "com.apple.product-type.application";
		};
/* End PBXNativeTarget section */

/* Begin PBXProject section */
		BC8CC98E20C5169E00A3152A /* Project object */ = {
			isa = PBXProject;
			attributes = {
				LastSwiftUpdateCheck = 0920;
				LastUpgradeCheck = 0940;
				ORGANIZATIONNAME = wangli;
				TargetAttributes = {
					BC8CC99520C5169F00A3152A = {
						CreatedOnToolsVersion = 9.2;
						LastSwiftMigration = 1010;
						ProvisioningStyle = Automatic;
					};
				};
			};
			buildConfigurationList = BC8CC99120C5169E00A3152A /* Build configuration list for PBXProject "Swift-Tools" */;
			compatibilityVersion = "Xcode 8.0";
			developmentRegion = en;
			hasScannedForEncodings = 0;
			knownRegions = (
				en,
				Base,
			);
			mainGroup = BC8CC98D20C5169E00A3152A;
			productRefGroup = BC8CC99720C5169F00A3152A /* Products */;
			projectDirPath = "";
			projectRoot = "";
			targets = (
				BC8CC99520C5169F00A3152A /* Swift-Tools */,
			);
		};
/* End PBXProject section */

/* Begin PBXResourcesBuildPhase section */
		BC8CC99420C5169F00A3152A /* Resources */ = {
			isa = PBXResourcesBuildPhase;
			buildActionMask = 2147483647;
			files = (
				BC8CC9A420C5169F00A3152A /* LaunchScreen.storyboard in Resources */,
				BC8CC9A120C5169F00A3152A /* Assets.xcassets in Resources */,
				BC8CC9BB20C5252100A3152A /* CollectionViewCell.xib in Resources */,
				BCB512F02186FE64005E70F9 /* XYYNoMessageView.xib in Resources */,
				BC8CC99F20C5169F00A3152A /* Main.storyboard in Resources */,
			);
			runOnlyForDeploymentPostprocessing = 0;
		};
/* End PBXResourcesBuildPhase section */

/* Begin PBXShellScriptBuildPhase section */
		B803B18F7F9531164485D881 /* [CP] Check Pods Manifest.lock */ = {
			isa = PBXShellScriptBuildPhase;
			buildActionMask = 2147483647;
			files = (
			);
			inputPaths = (
				"${PODS_PODFILE_DIR_PATH}/Podfile.lock",
				"${PODS_ROOT}/Manifest.lock",
			);
			name = "[CP] Check Pods Manifest.lock";
			outputPaths = (
				"$(DERIVED_FILE_DIR)/Pods-Swift-Tools-checkManifestLockResult.txt",
			);
			runOnlyForDeploymentPostprocessing = 0;
			shellPath = /bin/sh;
			shellScript = "diff \"${PODS_PODFILE_DIR_PATH}/Podfile.lock\" \"${PODS_ROOT}/Manifest.lock\" > /dev/null\nif [ $? != 0 ] ; then\n    # print error to STDERR\n    echo \"error: The sandbox is not in sync with the Podfile.lock. Run 'pod install' or update your CocoaPods installation.\" >&2\n    exit 1\nfi\n# This output is used by Xcode 'outputs' to avoid re-running this script phase.\necho \"SUCCESS\" > \"${SCRIPT_OUTPUT_FILE_0}\"\n";
			showEnvVarsInLog = 0;
		};
		C9272EE7D3E970C87A6054D1 /* [CP] Embed Pods Frameworks */ = {
			isa = PBXShellScriptBuildPhase;
			buildActionMask = 2147483647;
			files = (
			);
			inputPaths = (
				"${PODS_ROOT}/Target Support Files/Pods-Swift-Tools/Pods-Swift-Tools-frameworks.sh",
				"${BUILT_PRODUCTS_DIR}/Alamofire/Alamofire.framework",
			);
			name = "[CP] Embed Pods Frameworks";
			outputPaths = (
				"${TARGET_BUILD_DIR}/${FRAMEWORKS_FOLDER_PATH}/Alamofire.framework",
			);
			runOnlyForDeploymentPostprocessing = 0;
			shellPath = /bin/sh;
			shellScript = "\"${PODS_ROOT}/Target Support Files/Pods-Swift-Tools/Pods-Swift-Tools-frameworks.sh\"\n";
			showEnvVarsInLog = 0;
		};
/* End PBXShellScriptBuildPhase section */

/* Begin PBXSourcesBuildPhase section */
		BC8CC99220C5169F00A3152A /* Sources */ = {
			isa = PBXSourcesBuildPhase;
			buildActionMask = 2147483647;
			files = (
				BC8CC9B520C51E4B00A3152A /* CollectionViewController.swift in Sources */,
				BCB512EF2186FE64005E70F9 /* XYYNoMessageView.swift in Sources */,
				BC42FCF020D0DDEE007ABA8A /* BQSUIColorHexString.swift in Sources */,
				BC157C2B229E1EA70098031A /* SaveAndGetData.swift in Sources */,
				BC8CC99C20C5169F00A3152A /* ViewController.swift in Sources */,
				BC578FD820C533400083A08C /* HorizontalCollectionViewController.swift in Sources */,
				BC42FCF320D0DF50007ABA8A /* BQSHTTPManager.swift in Sources */,
				BC42FCEF20D0DDEE007ABA8A /* BQSConst.swift in Sources */,
				BC578FDD20C558CA0083A08C /* TableController.swift in Sources */,
				BC42FCE820D0DD58007ABA8A /* BQSMainViewController.swift in Sources */,
				BC8CC9BA20C5252100A3152A /* CollectionViewCell.swift in Sources */,
				BCB512EB2186F8C2005E70F9 /* FontScale.swift in Sources */,
				BC578FDA20C533AE0083A08C /* HorizontalScrollLayout.swift in Sources */,
				BC8CC9B220C5179000A3152A /* MainXIBView.swift in Sources */,
				BC8CC9B720C51FDF00A3152A /* BQSShowCollectionView.swift in Sources */,
				BC42FCEE20D0DDEE007ABA8A /* BQSCameraHandler.swift in Sources */,
				BCB512E92186F790005E70F9 /* Scale.swift in Sources */,
				BC8CC99A20C5169F00A3152A /* AppDelegate.swift in Sources */,
			);
			runOnlyForDeploymentPostprocessing = 0;
		};
/* End PBXSourcesBuildPhase section */

/* Begin PBXVariantGroup section */
		BC8CC99D20C5169F00A3152A /* Main.storyboard */ = {
			isa = PBXVariantGroup;
			children = (
				BC8CC99E20C5169F00A3152A /* Base */,
			);
			name = Main.storyboard;
			sourceTree = "<group>";
		};
		BC8CC9A220C5169F00A3152A /* LaunchScreen.storyboard */ = {
			isa = PBXVariantGroup;
			children = (
				BC8CC9A320C5169F00A3152A /* Base */,
			);
			name = LaunchScreen.storyboard;
			sourceTree = "<group>";
		};
/* End PBXVariantGroup section */

/* Begin XCBuildConfiguration section */
		BC8CC9A620C5169F00A3152A /* Debug */ = {
			isa = XCBuildConfiguration;
			buildSettings = {
				ALWAYS_SEARCH_USER_PATHS = NO;
				CLANG_ANALYZER_NONNULL = YES;
				CLANG_ANALYZER_NUMBER_OBJECT_CONVERSION = YES_AGGRESSIVE;
				CLANG_CXX_LANGUAGE_STANDARD = "gnu++14";
				CLANG_CXX_LIBRARY = "libc++";
				CLANG_ENABLE_MODULES = YES;
				CLANG_ENABLE_OBJC_ARC = YES;
				CLANG_WARN_BLOCK_CAPTURE_AUTORELEASING = YES;
				CLANG_WARN_BOOL_CONVERSION = YES;
				CLANG_WARN_COMMA = YES;
				CLANG_WARN_CONSTANT_CONVERSION = YES;
				CLANG_WARN_DEPRECATED_OBJC_IMPLEMENTATIONS = YES;
				CLANG_WARN_DIRECT_OBJC_ISA_USAGE = YES_ERROR;
				CLANG_WARN_DOCUMENTATION_COMMENTS = YES;
				CLANG_WARN_EMPTY_BODY = YES;
				CLANG_WARN_ENUM_CONVERSION = YES;
				CLANG_WARN_INFINITE_RECURSION = YES;
				CLANG_WARN_INT_CONVERSION = YES;
				CLANG_WARN_NON_LITERAL_NULL_CONVERSION = YES;
				CLANG_WARN_OBJC_IMPLICIT_RETAIN_SELF = YES;
				CLANG_WARN_OBJC_LITERAL_CONVERSION = YES;
				CLANG_WARN_OBJC_ROOT_CLASS = YES_ERROR;
				CLANG_WARN_RANGE_LOOP_ANALYSIS = YES;
				CLANG_WARN_STRICT_PROTOTYPES = YES;
				CLANG_WARN_SUSPICIOUS_MOVE = YES;
				CLANG_WARN_UNGUARDED_AVAILABILITY = YES_AGGRESSIVE;
				CLANG_WARN_UNREACHABLE_CODE = YES;
				CLANG_WARN__DUPLICATE_METHOD_MATCH = YES;
				CODE_SIGN_IDENTITY = "iPhone Developer";
				COPY_PHASE_STRIP = NO;
				DEBUG_INFORMATION_FORMAT = dwarf;
				ENABLE_STRICT_OBJC_MSGSEND = YES;
				ENABLE_TESTABILITY = YES;
				GCC_C_LANGUAGE_STANDARD = gnu11;
				GCC_DYNAMIC_NO_PIC = NO;
				GCC_NO_COMMON_BLOCKS = YES;
				GCC_OPTIMIZATION_LEVEL = 0;
				GCC_PREPROCESSOR_DEFINITIONS = (
					"DEBUG=1",
					"$(inherited)",
				);
				GCC_WARN_64_TO_32_BIT_CONVERSION = YES;
				GCC_WARN_ABOUT_RETURN_TYPE = YES_ERROR;
				GCC_WARN_UNDECLARED_SELECTOR = YES;
				GCC_WARN_UNINITIALIZED_AUTOS = YES_AGGRESSIVE;
				GCC_WARN_UNUSED_FUNCTION = YES;
				GCC_WARN_UNUSED_VARIABLE = YES;
				IPHONEOS_DEPLOYMENT_TARGET = 11.2;
				MTL_ENABLE_DEBUG_INFO = YES;
				ONLY_ACTIVE_ARCH = YES;
				SDKROOT = iphoneos;
				SWIFT_ACTIVE_COMPILATION_CONDITIONS = DEBUG;
				SWIFT_OPTIMIZATION_LEVEL = "-Onone";
			};
			name = Debug;
		};
		BC8CC9A720C5169F00A3152A /* Release */ = {
			isa = XCBuildConfiguration;
			buildSettings = {
				ALWAYS_SEARCH_USER_PATHS = NO;
				CLANG_ANALYZER_NONNULL = YES;
				CLANG_ANALYZER_NUMBER_OBJECT_CONVERSION = YES_AGGRESSIVE;
				CLANG_CXX_LANGUAGE_STANDARD = "gnu++14";
				CLANG_CXX_LIBRARY = "libc++";
				CLANG_ENABLE_MODULES = YES;
				CLANG_ENABLE_OBJC_ARC = YES;
				CLANG_WARN_BLOCK_CAPTURE_AUTORELEASING = YES;
				CLANG_WARN_BOOL_CONVERSION = YES;
				CLANG_WARN_COMMA = YES;
				CLANG_WARN_CONSTANT_CONVERSION = YES;
				CLANG_WARN_DEPRECATED_OBJC_IMPLEMENTATIONS = YES;
				CLANG_WARN_DIRECT_OBJC_ISA_USAGE = YES_ERROR;
				CLANG_WARN_DOCUMENTATION_COMMENTS = YES;
				CLANG_WARN_EMPTY_BODY = YES;
				CLANG_WARN_ENUM_CONVERSION = YES;
				CLANG_WARN_INFINITE_RECURSION = YES;
				CLANG_WARN_INT_CONVERSION = YES;
				CLANG_WARN_NON_LITERAL_NULL_CONVERSION = YES;
				CLANG_WARN_OBJC_IMPLICIT_RETAIN_SELF = YES;
				CLANG_WARN_OBJC_LITERAL_CONVERSION = YES;
				CLANG_WARN_OBJC_ROOT_CLASS = YES_ERROR;
				CLANG_WARN_RANGE_LOOP_ANALYSIS = YES;
				CLANG_WARN_STRICT_PROTOTYPES = YES;
				CLANG_WARN_SUSPICIOUS_MOVE = YES;
				CLANG_WARN_UNGUARDED_AVAILABILITY = YES_AGGRESSIVE;
				CLANG_WARN_UNREACHABLE_CODE = YES;
				CLANG_WARN__DUPLICATE_METHOD_MATCH = YES;
				CODE_SIGN_IDENTITY = "iPhone Developer";
				COPY_PHASE_STRIP = NO;
				DEBUG_INFORMATION_FORMAT = "dwarf-with-dsym";
				ENABLE_NS_ASSERTIONS = NO;
				ENABLE_STRICT_OBJC_MSGSEND = YES;
				GCC_C_LANGUAGE_STANDARD = gnu11;
				GCC_NO_COMMON_BLOCKS = YES;
				GCC_WARN_64_TO_32_BIT_CONVERSION = YES;
				GCC_WARN_ABOUT_RETURN_TYPE = YES_ERROR;
				GCC_WARN_UNDECLARED_SELECTOR = YES;
				GCC_WARN_UNINITIALIZED_AUTOS = YES_AGGRESSIVE;
				GCC_WARN_UNUSED_FUNCTION = YES;
				GCC_WARN_UNUSED_VARIABLE = YES;
				IPHONEOS_DEPLOYMENT_TARGET = 11.2;
				MTL_ENABLE_DEBUG_INFO = NO;
				SDKROOT = iphoneos;
				SWIFT_OPTIMIZATION_LEVEL = "-Owholemodule";
				VALIDATE_PRODUCT = YES;
			};
			name = Release;
		};
		BC8CC9A920C5169F00A3152A /* Debug */ = {
			isa = XCBuildConfiguration;
			baseConfigurationReference = 2072BBBFB71B3C9466F04B1E /* Pods-Swift-Tools.debug.xcconfig */;
			buildSettings = {
				ASSETCATALOG_COMPILER_APPICON_NAME = AppIcon;
				CODE_SIGN_STYLE = Automatic;
				DEVELOPMENT_TEAM = AN74G8J783;
				INFOPLIST_FILE = "Swift-Tools/Info.plist";
				IPHONEOS_DEPLOYMENT_TARGET = 10.0;
				LD_RUNPATH_SEARCH_PATHS = "$(inherited) @executable_path/Frameworks";
				PRODUCT_BUNDLE_IDENTIFIER = "wangli.Swift-Tools";
				PRODUCT_NAME = "$(TARGET_NAME)";
				SWIFT_VERSION = 4.2;
				TARGETED_DEVICE_FAMILY = 1;
			};
			name = Debug;
		};
		BC8CC9AA20C5169F00A3152A /* Release */ = {
			isa = XCBuildConfiguration;
			baseConfigurationReference = 38E57942D097331C17CFE16B /* Pods-Swift-Tools.release.xcconfig */;
			buildSettings = {
				ASSETCATALOG_COMPILER_APPICON_NAME = AppIcon;
				CODE_SIGN_STYLE = Automatic;
				DEVELOPMENT_TEAM = AN74G8J783;
				INFOPLIST_FILE = "Swift-Tools/Info.plist";
				IPHONEOS_DEPLOYMENT_TARGET = 10.0;
				LD_RUNPATH_SEARCH_PATHS = "$(inherited) @executable_path/Frameworks";
				PRODUCT_BUNDLE_IDENTIFIER = "wangli.Swift-Tools";
				PRODUCT_NAME = "$(TARGET_NAME)";
				SWIFT_VERSION = 4.2;
				TARGETED_DEVICE_FAMILY = 1;
			};
			name = Release;
		};
/* End XCBuildConfiguration section */

/* Begin XCConfigurationList section */
		BC8CC99120C5169E00A3152A /* Build configuration list for PBXProject "Swift-Tools" */ = {
			isa = XCConfigurationList;
			buildConfigurations = (
				BC8CC9A620C5169F00A3152A /* Debug */,
				BC8CC9A720C5169F00A3152A /* Release */,
			);
			defaultConfigurationIsVisible = 0;
			defaultConfigurationName = Release;
		};
		BC8CC9A820C5169F00A3152A /* Build configuration list for PBXNativeTarget "Swift-Tools" */ = {
			isa = XCConfigurationList;
			buildConfigurations = (
				BC8CC9A920C5169F00A3152A /* Debug */,
				BC8CC9AA20C5169F00A3152A /* Release */,
			);
			defaultConfigurationIsVisible = 0;
			defaultConfigurationName = Release;
		};
/* End XCConfigurationList section */
	};
	rootObject = BC8CC98E20C5169E00A3152A /* Project object */;
}
